// !$*UTF8*$!
{
	archiveVersion = 1;
	classes = {
	};
	objectVersion = 56;
	objects = {

/* Begin PBXBuildFile section */
		201D7FD02C89456C0022656F /* FetchHomeProjectApp.swift in Sources */ = {isa = PBXBuildFile; fileRef = 201D7FCF2C89456C0022656F /* FetchHomeProjectApp.swift */; };
		201D7FD42C89456D0022656F /* Assets.xcassets in Resources */ = {isa = PBXBuildFile; fileRef = 201D7FD32C89456D0022656F /* Assets.xcassets */; };
		201D7FD72C89456D0022656F /* Preview Assets.xcassets in Resources */ = {isa = PBXBuildFile; fileRef = 201D7FD62C89456D0022656F /* Preview Assets.xcassets */; };
		201D80072C9209420022656F /* Meal.swift in Sources */ = {isa = PBXBuildFile; fileRef = 201D80062C9209420022656F /* Meal.swift */; };
		201D800B2C9211320022656F /* MealView.swift in Sources */ = {isa = PBXBuildFile; fileRef = 201D800A2C9211320022656F /* MealView.swift */; };
		201D800D2C9213090022656F /* MealCell.swift in Sources */ = {isa = PBXBuildFile; fileRef = 201D800C2C9213090022656F /* MealCell.swift */; };
		201D80112C921A510022656F /* MealDetailView.swift in Sources */ = {isa = PBXBuildFile; fileRef = 201D80102C921A510022656F /* MealDetailView.swift */; };
		201D80132C921B3D0022656F /* MealDetail.swift in Sources */ = {isa = PBXBuildFile; fileRef = 201D80122C921B3D0022656F /* MealDetail.swift */; };
		201D80152C921DF10022656F /* Ingredient.swift in Sources */ = {isa = PBXBuildFile; fileRef = 201D80142C921DF10022656F /* Ingredient.swift */; };
		201D80192C924EA80022656F /* CodingKeys.swift in Sources */ = {isa = PBXBuildFile; fileRef = 201D80182C924EA80022656F /* CodingKeys.swift */; };
		201D801C2C92730D0022656F /* NetworkManager.swift in Sources */ = {isa = PBXBuildFile; fileRef = 201D801B2C92730D0022656F /* NetworkManager.swift */; };
		201D801E2C9277A40022656F /* Response.swift in Sources */ = {isa = PBXBuildFile; fileRef = 201D801D2C9277A40022656F /* Response.swift */; };
		201D80202C9279370022656F /* NetworkError.swift in Sources */ = {isa = PBXBuildFile; fileRef = 201D801F2C9279370022656F /* NetworkError.swift */; };
		201D80222C92866E0022656F /* ImageCache.swift in Sources */ = {isa = PBXBuildFile; fileRef = 201D80212C92866E0022656F /* ImageCache.swift */; };
		201D80242C92C1870022656F /* IngredientCell.swift in Sources */ = {isa = PBXBuildFile; fileRef = 201D80232C92C1870022656F /* IngredientCell.swift */; };
/* End PBXBuildFile section */

/* Begin PBXFileReference section */
		201D7FCC2C89456C0022656F /* FetchHomeProject.app */ = {isa = PBXFileReference; explicitFileType = wrapper.application; includeInIndex = 0; path = FetchHomeProject.app; sourceTree = BUILT_PRODUCTS_DIR; };
		201D7FCF2C89456C0022656F /* FetchHomeProjectApp.swift */ = {isa = PBXFileReference; lastKnownFileType = sourcecode.swift; path = FetchHomeProjectApp.swift; sourceTree = "<group>"; };
		201D7FD32C89456D0022656F /* Assets.xcassets */ = {isa = PBXFileReference; lastKnownFileType = folder.assetcatalog; path = Assets.xcassets; sourceTree = "<group>"; };
		201D7FD62C89456D0022656F /* Preview Assets.xcassets */ = {isa = PBXFileReference; lastKnownFileType = folder.assetcatalog; path = "Preview Assets.xcassets"; sourceTree = "<group>"; };
		201D80062C9209420022656F /* Meal.swift */ = {isa = PBXFileReference; lastKnownFileType = sourcecode.swift; path = Meal.swift; sourceTree = "<group>"; };
		201D800A2C9211320022656F /* MealView.swift */ = {isa = PBXFileReference; lastKnownFileType = sourcecode.swift; path = MealView.swift; sourceTree = "<group>"; };
		201D800C2C9213090022656F /* MealCell.swift */ = {isa = PBXFileReference; lastKnownFileType = sourcecode.swift; path = MealCell.swift; sourceTree = "<group>"; };
		201D80102C921A510022656F /* MealDetailView.swift */ = {isa = PBXFileReference; lastKnownFileType = sourcecode.swift; path = MealDetailView.swift; sourceTree = "<group>"; };
		201D80122C921B3D0022656F /* MealDetail.swift */ = {isa = PBXFileReference; lastKnownFileType = sourcecode.swift; path = MealDetail.swift; sourceTree = "<group>"; };
		201D80142C921DF10022656F /* Ingredient.swift */ = {isa = PBXFileReference; lastKnownFileType = sourcecode.swift; path = Ingredient.swift; sourceTree = "<group>"; };
		201D80182C924EA80022656F /* CodingKeys.swift */ = {isa = PBXFileReference; lastKnownFileType = sourcecode.swift; path = CodingKeys.swift; sourceTree = "<group>"; };
		201D801B2C92730D0022656F /* NetworkManager.swift */ = {isa = PBXFileReference; lastKnownFileType = sourcecode.swift; path = NetworkManager.swift; sourceTree = "<group>"; };
		201D801D2C9277A40022656F /* Response.swift */ = {isa = PBXFileReference; lastKnownFileType = sourcecode.swift; path = Response.swift; sourceTree = "<group>"; };
		201D801F2C9279370022656F /* NetworkError.swift */ = {isa = PBXFileReference; lastKnownFileType = sourcecode.swift; path = NetworkError.swift; sourceTree = "<group>"; };
		201D80212C92866E0022656F /* ImageCache.swift */ = {isa = PBXFileReference; lastKnownFileType = sourcecode.swift; path = ImageCache.swift; sourceTree = "<group>"; };
		201D80232C92C1870022656F /* IngredientCell.swift */ = {isa = PBXFileReference; lastKnownFileType = sourcecode.swift; path = IngredientCell.swift; sourceTree = "<group>"; };
/* End PBXFileReference section */

/* Begin PBXFrameworksBuildPhase section */
		201D7FC92C89456C0022656F /* Frameworks */ = {
			isa = PBXFrameworksBuildPhase;
			buildActionMask = 2147483647;
			files = (
			);
			runOnlyForDeploymentPostprocessing = 0;
		};
/* End PBXFrameworksBuildPhase section */

/* Begin PBXGroup section */
		201D7FC32C89456C0022656F = {
			isa = PBXGroup;
			children = (
				201D7FCE2C89456C0022656F /* FetchHomeProject */,
				201D7FCD2C89456C0022656F /* Products */,
			);
			sourceTree = "<group>";
		};
		201D7FCD2C89456C0022656F /* Products */ = {
			isa = PBXGroup;
			children = (
				201D7FCC2C89456C0022656F /* FetchHomeProject.app */,
			);
			name = Products;
			sourceTree = "<group>";
		};
		201D7FCE2C89456C0022656F /* FetchHomeProject */ = {
			isa = PBXGroup;
			children = (
				201D80092C920D1F0022656F /* Root */,
				201D801A2C9272EE0022656F /* Utilities */,
				201D80052C92091F0022656F /* Model */,
				201D80042C9209100022656F /* View */,
				201D7FD32C89456D0022656F /* Assets.xcassets */,
				201D7FD52C89456D0022656F /* Preview Content */,
			);
			path = FetchHomeProject;
			sourceTree = "<group>";
		};
		201D7FD52C89456D0022656F /* Preview Content */ = {
			isa = PBXGroup;
			children = (
				201D7FD62C89456D0022656F /* Preview Assets.xcassets */,
			);
			path = "Preview Content";
			sourceTree = "<group>";
		};
		201D80042C9209100022656F /* View */ = {
			isa = PBXGroup;
			children = (
				201D800F2C921A310022656F /* Ingredients */,
				201D800E2C921A240022656F /* Meal */,
			);
			path = View;
			sourceTree = "<group>";
		};
		201D80052C92091F0022656F /* Model */ = {
			isa = PBXGroup;
			children = (
				201D80172C924E870022656F /* CodingKeys */,
				201D80062C9209420022656F /* Meal.swift */,
				201D80122C921B3D0022656F /* MealDetail.swift */,
				201D80142C921DF10022656F /* Ingredient.swift */,
				201D801D2C9277A40022656F /* Response.swift */,
				201D801F2C9279370022656F /* NetworkError.swift */,
			);
			path = Model;
			sourceTree = "<group>";
		};
		201D80092C920D1F0022656F /* Root */ = {
			isa = PBXGroup;
			children = (
				201D7FCF2C89456C0022656F /* FetchHomeProjectApp.swift */,
			);
			path = Root;
			sourceTree = "<group>";
		};
		201D800E2C921A240022656F /* Meal */ = {
			isa = PBXGroup;
			children = (
				201D800A2C9211320022656F /* MealView.swift */,
				201D800C2C9213090022656F /* MealCell.swift */,
			);
			path = Meal;
			sourceTree = "<group>";
		};
		201D800F2C921A310022656F /* Ingredients */ = {
			isa = PBXGroup;
			children = (
				201D80102C921A510022656F /* MealDetailView.swift */,
				201D80232C92C1870022656F /* IngredientCell.swift */,
			);
			path = Ingredients;
			sourceTree = "<group>";
		};
		201D80172C924E870022656F /* CodingKeys */ = {
			isa = PBXGroup;
			children = (
				201D80182C924EA80022656F /* CodingKeys.swift */,
			);
			path = CodingKeys;
			sourceTree = "<group>";
		};
		201D801A2C9272EE0022656F /* Utilities */ = {
			isa = PBXGroup;
			children = (
				201D801B2C92730D0022656F /* NetworkManager.swift */,
				201D80212C92866E0022656F /* ImageCache.swift */,
			);
			path = Utilities;
			sourceTree = "<group>";
		};
/* End PBXGroup section */

/* Begin PBXNativeTarget section */
		201D7FCB2C89456C0022656F /* FetchHomeProject */ = {
			isa = PBXNativeTarget;
			buildConfigurationList = 201D7FDA2C89456D0022656F /* Build configuration list for PBXNativeTarget "FetchHomeProject" */;
			buildPhases = (
				201D7FC82C89456C0022656F /* Sources */,
				201D7FC92C89456C0022656F /* Frameworks */,
				201D7FCA2C89456C0022656F /* Resources */,
			);
			buildRules = (
			);
			dependencies = (
			);
			name = FetchHomeProject;
			productName = FetchHomeProject;
			productReference = 201D7FCC2C89456C0022656F /* FetchHomeProject.app */;
			productType = "com.apple.product-type.application";
		};
/* End PBXNativeTarget section */

/* Begin PBXProject section */
		201D7FC42C89456C0022656F /* Project object */ = {
			isa = PBXProject;
			attributes = {
				BuildIndependentTargetsInParallel = 1;
				LastSwiftUpdateCheck = 1540;
				LastUpgradeCheck = 1540;
				TargetAttributes = {
					201D7FCB2C89456C0022656F = {
						CreatedOnToolsVersion = 15.4;
					};
				};
			};
			buildConfigurationList = 201D7FC72C89456C0022656F /* Build configuration list for PBXProject "FetchHomeProject" */;
			compatibilityVersion = "Xcode 14.0";
			developmentRegion = en;
			hasScannedForEncodings = 0;
			knownRegions = (
				en,
				Base,
			);
			mainGroup = 201D7FC32C89456C0022656F;
			productRefGroup = 201D7FCD2C89456C0022656F /* Products */;
			projectDirPath = "";
			projectRoot = "";
			targets = (
				201D7FCB2C89456C0022656F /* FetchHomeProject */,
			);
		};
/* End PBXProject section */

/* Begin PBXResourcesBuildPhase section */
		201D7FCA2C89456C0022656F /* Resources */ = {
			isa = PBXResourcesBuildPhase;
			buildActionMask = 2147483647;
			files = (
				201D7FD72C89456D0022656F /* Preview Assets.xcassets in Resources */,
				201D7FD42C89456D0022656F /* Assets.xcassets in Resources */,
			);
			runOnlyForDeploymentPostprocessing = 0;
		};
/* End PBXResourcesBuildPhase section */

/* Begin PBXSourcesBuildPhase section */
		201D7FC82C89456C0022656F /* Sources */ = {
			isa = PBXSourcesBuildPhase;
			buildActionMask = 2147483647;
			files = (
				201D80132C921B3D0022656F /* MealDetail.swift in Sources */,
				201D80222C92866E0022656F /* ImageCache.swift in Sources */,
				201D80112C921A510022656F /* MealDetailView.swift in Sources */,
				201D801C2C92730D0022656F /* NetworkManager.swift in Sources */,
				201D80192C924EA80022656F /* CodingKeys.swift in Sources */,
				201D80242C92C1870022656F /* IngredientCell.swift in Sources */,
				201D800D2C9213090022656F /* MealCell.swift in Sources */,
				201D80152C921DF10022656F /* Ingredient.swift in Sources */,
				201D801E2C9277A40022656F /* Response.swift in Sources */,
				201D80072C9209420022656F /* Meal.swift in Sources */,
				201D80202C9279370022656F /* NetworkError.swift in Sources */,
				201D7FD02C89456C0022656F /* FetchHomeProjectApp.swift in Sources */,
				201D800B2C9211320022656F /* MealView.swift in Sources */,
			);
			runOnlyForDeploymentPostprocessing = 0;
		};
/* End PBXSourcesBuildPhase section */

/* Begin XCBuildConfiguration section */
		201D7FD82C89456D0022656F /* Debug */ = {
			isa = XCBuildConfiguration;
			buildSettings = {
				ALWAYS_SEARCH_USER_PATHS = NO;
				ASSETCATALOG_COMPILER_GENERATE_SWIFT_ASSET_SYMBOL_EXTENSIONS = YES;
				CLANG_ANALYZER_NONNULL = YES;
				CLANG_ANALYZER_NUMBER_OBJECT_CONVERSION = YES_AGGRESSIVE;
				CLANG_CXX_LANGUAGE_STANDARD = "gnu++20";
				CLANG_ENABLE_MODULES = YES;
				CLANG_ENABLE_OBJC_ARC = YES;
				CLANG_ENABLE_OBJC_WEAK = YES;
				CLANG_WARN_BLOCK_CAPTURE_AUTORELEASING = YES;
				CLANG_WARN_BOOL_CONVERSION = YES;
				CLANG_WARN_COMMA = YES;
				CLANG_WARN_CONSTANT_CONVERSION = YES;
				CLANG_WARN_DEPRECATED_OBJC_IMPLEMENTATIONS = YES;
				CLANG_WARN_DIRECT_OBJC_ISA_USAGE = YES_ERROR;
				CLANG_WARN_DOCUMENTATION_COMMENTS = YES;
				CLANG_WARN_EMPTY_BODY = YES;
				CLANG_WARN_ENUM_CONVERSION = YES;
				CLANG_WARN_INFINITE_RECURSION = YES;
				CLANG_WARN_INT_CONVERSION = YES;
				CLANG_WARN_NON_LITERAL_NULL_CONVERSION = YES;
				CLANG_WARN_OBJC_IMPLICIT_RETAIN_SELF = YES;
				CLANG_WARN_OBJC_LITERAL_CONVERSION = YES;
				CLANG_WARN_OBJC_ROOT_CLASS = YES_ERROR;
				CLANG_WARN_QUOTED_INCLUDE_IN_FRAMEWORK_HEADER = YES;
				CLANG_WARN_RANGE_LOOP_ANALYSIS = YES;
				CLANG_WARN_STRICT_PROTOTYPES = YES;
				CLANG_WARN_SUSPICIOUS_MOVE = YES;
				CLANG_WARN_UNGUARDED_AVAILABILITY = YES_AGGRESSIVE;
				CLANG_WARN_UNREACHABLE_CODE = YES;
				CLANG_WARN__DUPLICATE_METHOD_MATCH = YES;
				COPY_PHASE_STRIP = NO;
				DEBUG_INFORMATION_FORMAT = dwarf;
				ENABLE_STRICT_OBJC_MSGSEND = YES;
				ENABLE_TESTABILITY = YES;
				ENABLE_USER_SCRIPT_SANDBOXING = YES;
				GCC_C_LANGUAGE_STANDARD = gnu17;
				GCC_DYNAMIC_NO_PIC = NO;
				GCC_NO_COMMON_BLOCKS = YES;
				GCC_OPTIMIZATION_LEVEL = 0;
				GCC_PREPROCESSOR_DEFINITIONS = (
					"DEBUG=1",
					"$(inherited)",
				);
				GCC_WARN_64_TO_32_BIT_CONVERSION = YES;
				GCC_WARN_ABOUT_RETURN_TYPE = YES_ERROR;
				GCC_WARN_UNDECLARED_SELECTOR = YES;
				GCC_WARN_UNINITIALIZED_AUTOS = YES_AGGRESSIVE;
				GCC_WARN_UNUSED_FUNCTION = YES;
				GCC_WARN_UNUSED_VARIABLE = YES;
				IPHONEOS_DEPLOYMENT_TARGET = 17.5;
				LOCALIZATION_PREFERS_STRING_CATALOGS = YES;
				MTL_ENABLE_DEBUG_INFO = INCLUDE_SOURCE;
				MTL_FAST_MATH = YES;
				ONLY_ACTIVE_ARCH = YES;
				SDKROOT = iphoneos;
				SWIFT_ACTIVE_COMPILATION_CONDITIONS = "DEBUG $(inherited)";
				SWIFT_OPTIMIZATION_LEVEL = "-Onone";
			};
			name = Debug;
		};
		201D7FD92C89456D0022656F /* Release */ = {
			isa = XCBuildConfiguration;
			buildSettings = {
				ALWAYS_SEARCH_USER_PATHS = NO;
				ASSETCATALOG_COMPILER_GENERATE_SWIFT_ASSET_SYMBOL_EXTENSIONS = YES;
				CLANG_ANALYZER_NONNULL = YES;
				CLANG_ANALYZER_NUMBER_OBJECT_CONVERSION = YES_AGGRESSIVE;
				CLANG_CXX_LANGUAGE_STANDARD = "gnu++20";
				CLANG_ENABLE_MODULES = YES;
				CLANG_ENABLE_OBJC_ARC = YES;
				CLANG_ENABLE_OBJC_WEAK = YES;
				CLANG_WARN_BLOCK_CAPTURE_AUTORELEASING = YES;
				CLANG_WARN_BOOL_CONVERSION = YES;
				CLANG_WARN_COMMA = YES;
				CLANG_WARN_CONSTANT_CONVERSION = YES;
				CLANG_WARN_DEPRECATED_OBJC_IMPLEMENTATIONS = YES;
				CLANG_WARN_DIRECT_OBJC_ISA_USAGE = YES_ERROR;
				CLANG_WARN_DOCUMENTATION_COMMENTS = YES;
				CLANG_WARN_EMPTY_BODY = YES;
				CLANG_WARN_ENUM_CONVERSION = YES;
				CLANG_WARN_INFINITE_RECURSION = YES;
				CLANG_WARN_INT_CONVERSION = YES;
				CLANG_WARN_NON_LITERAL_NULL_CONVERSION = YES;
				CLANG_WARN_OBJC_IMPLICIT_RETAIN_SELF = YES;
				CLANG_WARN_OBJC_LITERAL_CONVERSION = YES;
				CLANG_WARN_OBJC_ROOT_CLASS = YES_ERROR;
				CLANG_WARN_QUOTED_INCLUDE_IN_FRAMEWORK_HEADER = YES;
				CLANG_WARN_RANGE_LOOP_ANALYSIS = YES;
				CLANG_WARN_STRICT_PROTOTYPES = YES;
				CLANG_WARN_SUSPICIOUS_MOVE = YES;
				CLANG_WARN_UNGUARDED_AVAILABILITY = YES_AGGRESSIVE;
				CLANG_WARN_UNREACHABLE_CODE = YES;
				CLANG_WARN__DUPLICATE_METHOD_MATCH = YES;
				COPY_PHASE_STRIP = NO;
				DEBUG_INFORMATION_FORMAT = "dwarf-with-dsym";
				ENABLE_NS_ASSERTIONS = NO;
				ENABLE_STRICT_OBJC_MSGSEND = YES;
				ENABLE_USER_SCRIPT_SANDBOXING = YES;
				GCC_C_LANGUAGE_STANDARD = gnu17;
				GCC_NO_COMMON_BLOCKS = YES;
				GCC_WARN_64_TO_32_BIT_CONVERSION = YES;
				GCC_WARN_ABOUT_RETURN_TYPE = YES_ERROR;
				GCC_WARN_UNDECLARED_SELECTOR = YES;
				GCC_WARN_UNINITIALIZED_AUTOS = YES_AGGRESSIVE;
				GCC_WARN_UNUSED_FUNCTION = YES;
				GCC_WARN_UNUSED_VARIABLE = YES;
				IPHONEOS_DEPLOYMENT_TARGET = 17.5;
				LOCALIZATION_PREFERS_STRING_CATALOGS = YES;
				MTL_ENABLE_DEBUG_INFO = NO;
				MTL_FAST_MATH = YES;
				SDKROOT = iphoneos;
				SWIFT_COMPILATION_MODE = wholemodule;
				VALIDATE_PRODUCT = YES;
			};
			name = Release;
		};
		201D7FDB2C89456D0022656F /* Debug */ = {
			isa = XCBuildConfiguration;
			buildSettings = {
				ASSETCATALOG_COMPILER_APPICON_NAME = AppIcon;
				ASSETCATALOG_COMPILER_GLOBAL_ACCENT_COLOR_NAME = AccentColor;
				CODE_SIGN_STYLE = Automatic;
				CURRENT_PROJECT_VERSION = 1;
				DEVELOPMENT_ASSET_PATHS = "\"FetchHomeProject/Preview Content\"";
				DEVELOPMENT_TEAM = RZW9Y463MF;
				ENABLE_PREVIEWS = YES;
				GENERATE_INFOPLIST_FILE = YES;
				INFOPLIST_KEY_UIApplicationSceneManifest_Generation = YES;
				INFOPLIST_KEY_UIApplicationSupportsIndirectInputEvents = YES;
				INFOPLIST_KEY_UILaunchScreen_Generation = YES;
				INFOPLIST_KEY_UISupportedInterfaceOrientations_iPad = "UIInterfaceOrientationPortrait UIInterfaceOrientationPortraitUpsideDown UIInterfaceOrientationLandscapeLeft UIInterfaceOrientationLandscapeRight";
				INFOPLIST_KEY_UISupportedInterfaceOrientations_iPhone = "UIInterfaceOrientationPortrait UIInterfaceOrientationLandscapeLeft UIInterfaceOrientationLandscapeRight";
				LD_RUNPATH_SEARCH_PATHS = (
					"$(inherited)",
					"@executable_path/Frameworks",
				);
				MARKETING_VERSION = 1.0;
				PRODUCT_BUNDLE_IDENTIFIER = com.winghu.FetchHomeProject;
				PRODUCT_NAME = "$(TARGET_NAME)";
				SWIFT_EMIT_LOC_STRINGS = YES;
				SWIFT_VERSION = 5.0;
				TARGETED_DEVICE_FAMILY = "1,2";
			};
			name = Debug;
		};
		201D7FDC2C89456D0022656F /* Release */ = {
			isa = XCBuildConfiguration;
			buildSettings = {
				ASSETCATALOG_COMPILER_APPICON_NAME = AppIcon;
				ASSETCATALOG_COMPILER_GLOBAL_ACCENT_COLOR_NAME = AccentColor;
				CODE_SIGN_STYLE = Automatic;
				CURRENT_PROJECT_VERSION = 1;
				DEVELOPMENT_ASSET_PATHS = "\"FetchHomeProject/Preview Content\"";
				DEVELOPMENT_TEAM = RZW9Y463MF;
				ENABLE_PREVIEWS = YES;
				GENERATE_INFOPLIST_FILE = YES;
				INFOPLIST_KEY_UIApplicationSceneManifest_Generation = YES;
				INFOPLIST_KEY_UIApplicationSupportsIndirectInputEvents = YES;
				INFOPLIST_KEY_UILaunchScreen_Generation = YES;
				INFOPLIST_KEY_UISupportedInterfaceOrientations_iPad = "UIInterfaceOrientationPortrait UIInterfaceOrientationPortraitUpsideDown UIInterfaceOrientationLandscapeLeft UIInterfaceOrientationLandscapeRight";
				INFOPLIST_KEY_UISupportedInterfaceOrientations_iPhone = "UIInterfaceOrientationPortrait UIInterfaceOrientationLandscapeLeft UIInterfaceOrientationLandscapeRight";
				LD_RUNPATH_SEARCH_PATHS = (
					"$(inherited)",
					"@executable_path/Frameworks",
				);
				MARKETING_VERSION = 1.0;
				PRODUCT_BUNDLE_IDENTIFIER = com.winghu.FetchHomeProject;
				PRODUCT_NAME = "$(TARGET_NAME)";
				SWIFT_EMIT_LOC_STRINGS = YES;
				SWIFT_VERSION = 5.0;
				TARGETED_DEVICE_FAMILY = "1,2";
			};
			name = Release;
		};
/* End XCBuildConfiguration section */

/* Begin XCConfigurationList section */
		201D7FC72C89456C0022656F /* Build configuration list for PBXProject "FetchHomeProject" */ = {
			isa = XCConfigurationList;
			buildConfigurations = (
				201D7FD82C89456D0022656F /* Debug */,
				201D7FD92C89456D0022656F /* Release */,
			);
			defaultConfigurationIsVisible = 0;
			defaultConfigurationName = Release;
		};
		201D7FDA2C89456D0022656F /* Build configuration list for PBXNativeTarget "FetchHomeProject" */ = {
			isa = XCConfigurationList;
			buildConfigurations = (
				201D7FDB2C89456D0022656F /* Debug */,
				201D7FDC2C89456D0022656F /* Release */,
			);
			defaultConfigurationIsVisible = 0;
			defaultConfigurationName = Release;
		};
/* End XCConfigurationList section */
	};
	rootObject = 201D7FC42C89456C0022656F /* Project object */;
}
